// !$*UTF8*$!
{
	archiveVersion = 1;
	classes = {
	};
	objectVersion = 56;
	objects = {

/* Begin PBXBuildFile section */
		0313E12C29BD0F8B00453AC8 /* TalkToMeApp.swift in Sources */ = {isa = PBXBuildFile; fileRef = 0313E12B29BD0F8B00453AC8 /* TalkToMeApp.swift */; };
		0313E12E29BD0F8B00453AC8 /* ContentView.swift in Sources */ = {isa = PBXBuildFile; fileRef = 0313E12D29BD0F8B00453AC8 /* ContentView.swift */; };
		0313E13029BD0F8C00453AC8 /* Assets.xcassets in Resources */ = {isa = PBXBuildFile; fileRef = 0313E12F29BD0F8C00453AC8 /* Assets.xcassets */; };
		0313E13329BD0F8C00453AC8 /* Preview Assets.xcassets in Resources */ = {isa = PBXBuildFile; fileRef = 0313E13229BD0F8C00453AC8 /* Preview Assets.xcassets */; };
		0313E15E29BD114D00453AC8 /* LandingPageView.swift in Sources */ = {isa = PBXBuildFile; fileRef = 0313E15D29BD114D00453AC8 /* LandingPageView.swift */; };
		0313E16A29BD168D00453AC8 /* HomeView.swift in Sources */ = {isa = PBXBuildFile; fileRef = 0313E16929BD168D00453AC8 /* HomeView.swift */; };
		0313E16E29BD16EF00453AC8 /* AuthViewModel.swift in Sources */ = {isa = PBXBuildFile; fileRef = 0313E16D29BD16EF00453AC8 /* AuthViewModel.swift */; };
		0313E17229BD1FCD00453AC8 /* LanguageModel.swift in Sources */ = {isa = PBXBuildFile; fileRef = 0313E17129BD1FCD00453AC8 /* LanguageModel.swift */; };
		0313E17729BD2A0500453AC8 /* ChatView.swift in Sources */ = {isa = PBXBuildFile; fileRef = 0313E17629BD2A0500453AC8 /* ChatView.swift */; };
		0313E17C29BD32D000453AC8 /* TitleRow.swift in Sources */ = {isa = PBXBuildFile; fileRef = 0313E17B29BD32D000453AC8 /* TitleRow.swift */; };
		0313E17F29BD338B00453AC8 /* Message.swift in Sources */ = {isa = PBXBuildFile; fileRef = 0313E17E29BD338B00453AC8 /* Message.swift */; };
		0313E18129BD33DF00453AC8 /* MessageBubble.swift in Sources */ = {isa = PBXBuildFile; fileRef = 0313E18029BD33DF00453AC8 /* MessageBubble.swift */; };
		0313E18429BD393900453AC8 /* MessagesService.swift in Sources */ = {isa = PBXBuildFile; fileRef = 0313E18329BD393900453AC8 /* MessagesService.swift */; };
		0313E18729BD3A7E00453AC8 /* Extensions.swift in Sources */ = {isa = PBXBuildFile; fileRef = 0313E18629BD3A7E00453AC8 /* Extensions.swift */; };
		0313E18929BD3AF800453AC8 /* MessageField.swift in Sources */ = {isa = PBXBuildFile; fileRef = 0313E18829BD3AF800453AC8 /* MessageField.swift */; };
		037CF54929BD3EFC00884735 /* MessageModel.swift in Sources */ = {isa = PBXBuildFile; fileRef = 037CF54829BD3EFC00884735 /* MessageModel.swift */; };
		037CF54B29BD40AA00884735 /* Request.swift in Sources */ = {isa = PBXBuildFile; fileRef = 037CF54A29BD40AA00884735 /* Request.swift */; };
		037CF54E29BD5BBD00884735 /* FirebaseFirestore in Frameworks */ = {isa = PBXBuildFile; productRef = 037CF54D29BD5BBD00884735 /* FirebaseFirestore */; };
		037CF55029BD5BBD00884735 /* FirebaseFirestoreSwift in Frameworks */ = {isa = PBXBuildFile; productRef = 037CF54F29BD5BBD00884735 /* FirebaseFirestoreSwift */; };
		037CF55229BD5BD600884735 /* GoogleService-Info.plist in Resources */ = {isa = PBXBuildFile; fileRef = 037CF55129BD5BD600884735 /* GoogleService-Info.plist */; };
faf25cccf9d1506822b40b3a601917aeb75486d7
/* End PBXBuildFile section */

/* Begin PBXFileReference section */
		0313E12829BD0F8B00453AC8 /* TalkToMe.app */ = {isa = PBXFileReference; explicitFileType = wrapper.application; includeInIndex = 0; path = TalkToMe.app; sourceTree = BUILT_PRODUCTS_DIR; };
		0313E12B29BD0F8B00453AC8 /* TalkToMeApp.swift */ = {isa = PBXFileReference; lastKnownFileType = sourcecode.swift; path = TalkToMeApp.swift; sourceTree = "<group>"; };
		0313E12D29BD0F8B00453AC8 /* ContentView.swift */ = {isa = PBXFileReference; lastKnownFileType = sourcecode.swift; path = ContentView.swift; sourceTree = "<group>"; };
		0313E12F29BD0F8C00453AC8 /* Assets.xcassets */ = {isa = PBXFileReference; lastKnownFileType = folder.assetcatalog; path = Assets.xcassets; sourceTree = "<group>"; };
		0313E13229BD0F8C00453AC8 /* Preview Assets.xcassets */ = {isa = PBXFileReference; lastKnownFileType = folder.assetcatalog; path = "Preview Assets.xcassets"; sourceTree = "<group>"; };
		0313E15D29BD114D00453AC8 /* LandingPageView.swift */ = {isa = PBXFileReference; lastKnownFileType = sourcecode.swift; path = LandingPageView.swift; sourceTree = "<group>"; };
		0313E16929BD168D00453AC8 /* HomeView.swift */ = {isa = PBXFileReference; lastKnownFileType = sourcecode.swift; path = HomeView.swift; sourceTree = "<group>"; };
		0313E16D29BD16EF00453AC8 /* AuthViewModel.swift */ = {isa = PBXFileReference; lastKnownFileType = sourcecode.swift; path = AuthViewModel.swift; sourceTree = "<group>"; };
		0313E17129BD1FCD00453AC8 /* LanguageModel.swift */ = {isa = PBXFileReference; lastKnownFileType = sourcecode.swift; path = LanguageModel.swift; sourceTree = "<group>"; };
		0313E17629BD2A0500453AC8 /* ChatView.swift */ = {isa = PBXFileReference; lastKnownFileType = sourcecode.swift; path = ChatView.swift; sourceTree = "<group>"; };
		0313E17B29BD32D000453AC8 /* TitleRow.swift */ = {isa = PBXFileReference; lastKnownFileType = sourcecode.swift; path = TitleRow.swift; sourceTree = "<group>"; };
		0313E17E29BD338B00453AC8 /* Message.swift */ = {isa = PBXFileReference; lastKnownFileType = sourcecode.swift; path = Message.swift; sourceTree = "<group>"; };
		0313E18029BD33DF00453AC8 /* MessageBubble.swift */ = {isa = PBXFileReference; lastKnownFileType = sourcecode.swift; path = MessageBubble.swift; sourceTree = "<group>"; };
		0313E18329BD393900453AC8 /* MessagesService.swift */ = {isa = PBXFileReference; lastKnownFileType = sourcecode.swift; path = MessagesService.swift; sourceTree = "<group>"; };
		0313E18629BD3A7E00453AC8 /* Extensions.swift */ = {isa = PBXFileReference; lastKnownFileType = sourcecode.swift; path = Extensions.swift; sourceTree = "<group>"; };
		0313E18829BD3AF800453AC8 /* MessageField.swift */ = {isa = PBXFileReference; lastKnownFileType = sourcecode.swift; path = MessageField.swift; sourceTree = "<group>"; };
		037CF54829BD3EFC00884735 /* MessageModel.swift */ = {isa = PBXFileReference; lastKnownFileType = sourcecode.swift; path = MessageModel.swift; sourceTree = "<group>"; };
		037CF54A29BD40AA00884735 /* Request.swift */ = {isa = PBXFileReference; lastKnownFileType = sourcecode.swift; path = Request.swift; sourceTree = "<group>"; };
		037CF55129BD5BD600884735 /* GoogleService-Info.plist */ = {isa = PBXFileReference; fileEncoding = 4; lastKnownFileType = text.plist.xml; path = "GoogleService-Info.plist"; sourceTree = "<group>"; };
faf25cccf9d1506822b40b3a601917aeb75486d7
/* End PBXFileReference section */

/* Begin PBXFrameworksBuildPhase section */
		0313E12529BD0F8B00453AC8 /* Frameworks */ = {
			isa = PBXFrameworksBuildPhase;
			buildActionMask = 2147483647;
			files = (
				037CF54E29BD5BBD00884735 /* FirebaseFirestore in Frameworks */,
				037CF55029BD5BBD00884735 /* FirebaseFirestoreSwift in Frameworks */,
			);
			runOnlyForDeploymentPostprocessing = 0;
		};
/* End PBXFrameworksBuildPhase section */

/* Begin PBXGroup section */
		0313E11F29BD0F8B00453AC8 = {
			isa = PBXGroup;
			children = (
				0313E12A29BD0F8B00453AC8 /* TalkToMe */,
				0313E12929BD0F8B00453AC8 /* Products */,
			);
			sourceTree = "<group>";
		};
		0313E12929BD0F8B00453AC8 /* Products */ = {
			isa = PBXGroup;
			children = (
				0313E12829BD0F8B00453AC8 /* TalkToMe.app */,
			);
			name = Products;
			sourceTree = "<group>";
		};
		0313E12A29BD0F8B00453AC8 /* TalkToMe */ = {
			isa = PBXGroup;
			children = (
				037CF55129BD5BD600884735 /* GoogleService-Info.plist */,
				0313E15B29BD111700453AC8 /* Core */,
				0313E12B29BD0F8B00453AC8 /* TalkToMeApp.swift */,
				0313E12D29BD0F8B00453AC8 /* ContentView.swift */,
				0313E12F29BD0F8C00453AC8 /* Assets.xcassets */,
				0313E13129BD0F8C00453AC8 /* Preview Content */,
				0313E18629BD3A7E00453AC8 /* Extensions.swift */,
			);
			path = TalkToMe;
			sourceTree = "<group>";
		};
		0313E13129BD0F8C00453AC8 /* Preview Content */ = {
			isa = PBXGroup;
			children = (
				0313E13229BD0F8C00453AC8 /* Preview Assets.xcassets */,
			);
			path = "Preview Content";
			sourceTree = "<group>";
		};
		0313E15B29BD111700453AC8 /* Core */ = {
			isa = PBXGroup;
			children = (
				0313E18229BD392900453AC8 /* Services */,
				0313E17D29BD338000453AC8 /* Models */,
				0313E17A29BD32C400453AC8 /* Components */,
				0313E17529BD29F900453AC8 /* Chat */,
				0313E16C29BD16CB00453AC8 /* LandingPage */,
				0313E16629BD167100453AC8 /* Home */,
			);
			path = Core;
			sourceTree = "<group>";
		};
		0313E16629BD167100453AC8 /* Home */ = {
			isa = PBXGroup;
			children = (
				0313E16929BD168D00453AC8 /* HomeView.swift */,
				0313E17129BD1FCD00453AC8 /* LanguageModel.swift */,
faf25cccf9d1506822b40b3a601917aeb75486d7
			);
			path = Home;
			sourceTree = "<group>";
		};
		0313E16C29BD16CB00453AC8 /* LandingPage */ = {
			isa = PBXGroup;
			children = (
				0313E15D29BD114D00453AC8 /* LandingPageView.swift */,
				0313E16D29BD16EF00453AC8 /* AuthViewModel.swift */,
			);
			path = LandingPage;
			sourceTree = "<group>";
		};
		0313E17529BD29F900453AC8 /* Chat */ = {
			isa = PBXGroup;
			children = (
				0313E17629BD2A0500453AC8 /* ChatView.swift */,
			);
			path = Chat;
			sourceTree = "<group>";
		};
		0313E17A29BD32C400453AC8 /* Components */ = {
			isa = PBXGroup;
			children = (
				0313E17B29BD32D000453AC8 /* TitleRow.swift */,
				0313E18029BD33DF00453AC8 /* MessageBubble.swift */,
				0313E18829BD3AF800453AC8 /* MessageField.swift */,
			);
			path = Components;
			sourceTree = "<group>";
		};
		0313E17D29BD338000453AC8 /* Models */ = {
			isa = PBXGroup;
			children = (
				0313E17E29BD338B00453AC8 /* Message.swift */,
				037CF54829BD3EFC00884735 /* MessageModel.swift */,
				037CF54A29BD40AA00884735 /* Request.swift */,
			);
			path = Models;
			sourceTree = "<group>";
		};
		0313E18229BD392900453AC8 /* Services */ = {
			isa = PBXGroup;
			children = (
				0313E18329BD393900453AC8 /* MessagesService.swift */,
			);
			path = Services;
			sourceTree = "<group>";
		};
/* End PBXGroup section */

/* Begin PBXNativeTarget section */
		0313E12729BD0F8B00453AC8 /* TalkToMe */ = {
			isa = PBXNativeTarget;
			buildConfigurationList = 0313E13629BD0F8C00453AC8 /* Build configuration list for PBXNativeTarget "TalkToMe" */;
			buildPhases = (
				0313E12429BD0F8B00453AC8 /* Sources */,
				0313E12529BD0F8B00453AC8 /* Frameworks */,
				0313E12629BD0F8B00453AC8 /* Resources */,
			);
			buildRules = (
			);
			dependencies = (
			);
			name = TalkToMe;
			packageProductDependencies = (
				037CF54D29BD5BBD00884735 /* FirebaseFirestore */,
				037CF54F29BD5BBD00884735 /* FirebaseFirestoreSwift */,
			);
			productName = TalkToMe;
			productReference = 0313E12829BD0F8B00453AC8 /* TalkToMe.app */;
			productType = "com.apple.product-type.application";
		};
/* End PBXNativeTarget section */

/* Begin PBXProject section */
		0313E12029BD0F8B00453AC8 /* Project object */ = {
			isa = PBXProject;
			attributes = {
				BuildIndependentTargetsInParallel = 1;
				LastSwiftUpdateCheck = 1420;
				LastUpgradeCheck = 1420;
				TargetAttributes = {
					0313E12729BD0F8B00453AC8 = {
						CreatedOnToolsVersion = 14.2;
					};
				};
			};
			buildConfigurationList = 0313E12329BD0F8B00453AC8 /* Build configuration list for PBXProject "TalkToMe" */;
			compatibilityVersion = "Xcode 14.0";
			developmentRegion = en;
			hasScannedForEncodings = 0;
			knownRegions = (
				en,
				Base,
			);
			mainGroup = 0313E11F29BD0F8B00453AC8;
			packageReferences = (
				037CF54C29BD5BBD00884735 /* XCRemoteSwiftPackageReference "firebase-ios-sdk" */,
			);
			productRefGroup = 0313E12929BD0F8B00453AC8 /* Products */;
			projectDirPath = "";
			projectRoot = "";
			targets = (
				0313E12729BD0F8B00453AC8 /* TalkToMe */,
			);
		};
/* End PBXProject section */

/* Begin PBXResourcesBuildPhase section */
		0313E12629BD0F8B00453AC8 /* Resources */ = {
			isa = PBXResourcesBuildPhase;
			buildActionMask = 2147483647;
			files = (
				0313E13329BD0F8C00453AC8 /* Preview Assets.xcassets in Resources */,
				0313E13029BD0F8C00453AC8 /* Assets.xcassets in Resources */,
				037CF55229BD5BD600884735 /* GoogleService-Info.plist in Resources */,
			);
			runOnlyForDeploymentPostprocessing = 0;
		};
/* End PBXResourcesBuildPhase section */

/* Begin PBXSourcesBuildPhase section */
		0313E12429BD0F8B00453AC8 /* Sources */ = {
			isa = PBXSourcesBuildPhase;
			buildActionMask = 2147483647;
			files = (
				0313E16E29BD16EF00453AC8 /* AuthViewModel.swift in Sources */,
				0313E18929BD3AF800453AC8 /* MessageField.swift in Sources */,
				0313E17229BD1FCD00453AC8 /* LanguageModel.swift in Sources */,
				03E286B629BE253100B8BCD0 /* HomeViewModel.swift in Sources */,
				0313E12E29BD0F8B00453AC8 /* ContentView.swift in Sources */,
				0313E17F29BD338B00453AC8 /* Message.swift in Sources */,
				0313E17C29BD32D000453AC8 /* TitleRow.swift in Sources */,
				0313E16A29BD168D00453AC8 /* HomeView.swift in Sources */,
				037CF54B29BD40AA00884735 /* Request.swift in Sources */,
				0313E18429BD393900453AC8 /* MessagesService.swift in Sources */,
				0313E18729BD3A7E00453AC8 /* Extensions.swift in Sources */,
				037CF54929BD3EFC00884735 /* MessageModel.swift in Sources */,
				0313E17729BD2A0500453AC8 /* ChatView.swift in Sources */,
				41E5992A29BE26DD00886FF3 /* PersonalityModel.swift in Sources */,
				0313E18129BD33DF00453AC8 /* MessageBubble.swift in Sources */,
				0313E15E29BD114D00453AC8 /* LandingPageView.swift in Sources */,
				0313E12C29BD0F8B00453AC8 /* TalkToMeApp.swift in Sources */,
			);
			runOnlyForDeploymentPostprocessing = 0;
		};
/* End PBXSourcesBuildPhase section */

/* Begin XCBuildConfiguration section */
		0313E13429BD0F8C00453AC8 /* Debug */ = {
			isa = XCBuildConfiguration;
			buildSettings = {
				ALWAYS_SEARCH_USER_PATHS = NO;
				CLANG_ANALYZER_NONNULL = YES;
				CLANG_ANALYZER_NUMBER_OBJECT_CONVERSION = YES_AGGRESSIVE;
				CLANG_CXX_LANGUAGE_STANDARD = "gnu++20";
				CLANG_ENABLE_MODULES = YES;
				CLANG_ENABLE_OBJC_ARC = YES;
				CLANG_ENABLE_OBJC_WEAK = YES;
				CLANG_WARN_BLOCK_CAPTURE_AUTORELEASING = YES;
				CLANG_WARN_BOOL_CONVERSION = YES;
				CLANG_WARN_COMMA = YES;
				CLANG_WARN_CONSTANT_CONVERSION = YES;
				CLANG_WARN_DEPRECATED_OBJC_IMPLEMENTATIONS = YES;
				CLANG_WARN_DIRECT_OBJC_ISA_USAGE = YES_ERROR;
				CLANG_WARN_DOCUMENTATION_COMMENTS = YES;
				CLANG_WARN_EMPTY_BODY = YES;
				CLANG_WARN_ENUM_CONVERSION = YES;
				CLANG_WARN_INFINITE_RECURSION = YES;
				CLANG_WARN_INT_CONVERSION = YES;
				CLANG_WARN_NON_LITERAL_NULL_CONVERSION = YES;
				CLANG_WARN_OBJC_IMPLICIT_RETAIN_SELF = YES;
				CLANG_WARN_OBJC_LITERAL_CONVERSION = YES;
				CLANG_WARN_OBJC_ROOT_CLASS = YES_ERROR;
				CLANG_WARN_QUOTED_INCLUDE_IN_FRAMEWORK_HEADER = YES;
				CLANG_WARN_RANGE_LOOP_ANALYSIS = YES;
				CLANG_WARN_STRICT_PROTOTYPES = YES;
				CLANG_WARN_SUSPICIOUS_MOVE = YES;
				CLANG_WARN_UNGUARDED_AVAILABILITY = YES_AGGRESSIVE;
				CLANG_WARN_UNREACHABLE_CODE = YES;
				CLANG_WARN__DUPLICATE_METHOD_MATCH = YES;
				COPY_PHASE_STRIP = NO;
				DEBUG_INFORMATION_FORMAT = dwarf;
				ENABLE_STRICT_OBJC_MSGSEND = YES;
				ENABLE_TESTABILITY = YES;
				GCC_C_LANGUAGE_STANDARD = gnu11;
				GCC_DYNAMIC_NO_PIC = NO;
				GCC_NO_COMMON_BLOCKS = YES;
				GCC_OPTIMIZATION_LEVEL = 0;
				GCC_PREPROCESSOR_DEFINITIONS = (
					"DEBUG=1",
					"$(inherited)",
				);
				GCC_WARN_64_TO_32_BIT_CONVERSION = YES;
				GCC_WARN_ABOUT_RETURN_TYPE = YES_ERROR;
				GCC_WARN_UNDECLARED_SELECTOR = YES;
				GCC_WARN_UNINITIALIZED_AUTOS = YES_AGGRESSIVE;
				GCC_WARN_UNUSED_FUNCTION = YES;
				GCC_WARN_UNUSED_VARIABLE = YES;
				IPHONEOS_DEPLOYMENT_TARGET = 16.2;
				MTL_ENABLE_DEBUG_INFO = INCLUDE_SOURCE;
				MTL_FAST_MATH = YES;
				ONLY_ACTIVE_ARCH = YES;
				SDKROOT = iphoneos;
				SWIFT_ACTIVE_COMPILATION_CONDITIONS = DEBUG;
				SWIFT_OPTIMIZATION_LEVEL = "-Onone";
			};
			name = Debug;
		};
		0313E13529BD0F8C00453AC8 /* Release */ = {
			isa = XCBuildConfiguration;
			buildSettings = {
				ALWAYS_SEARCH_USER_PATHS = NO;
				CLANG_ANALYZER_NONNULL = YES;
				CLANG_ANALYZER_NUMBER_OBJECT_CONVERSION = YES_AGGRESSIVE;
				CLANG_CXX_LANGUAGE_STANDARD = "gnu++20";
				CLANG_ENABLE_MODULES = YES;
				CLANG_ENABLE_OBJC_ARC = YES;
				CLANG_ENABLE_OBJC_WEAK = YES;
				CLANG_WARN_BLOCK_CAPTURE_AUTORELEASING = YES;
				CLANG_WARN_BOOL_CONVERSION = YES;
				CLANG_WARN_COMMA = YES;
				CLANG_WARN_CONSTANT_CONVERSION = YES;
				CLANG_WARN_DEPRECATED_OBJC_IMPLEMENTATIONS = YES;
				CLANG_WARN_DIRECT_OBJC_ISA_USAGE = YES_ERROR;
				CLANG_WARN_DOCUMENTATION_COMMENTS = YES;
				CLANG_WARN_EMPTY_BODY = YES;
				CLANG_WARN_ENUM_CONVERSION = YES;
				CLANG_WARN_INFINITE_RECURSION = YES;
				CLANG_WARN_INT_CONVERSION = YES;
				CLANG_WARN_NON_LITERAL_NULL_CONVERSION = YES;
				CLANG_WARN_OBJC_IMPLICIT_RETAIN_SELF = YES;
				CLANG_WARN_OBJC_LITERAL_CONVERSION = YES;
				CLANG_WARN_OBJC_ROOT_CLASS = YES_ERROR;
				CLANG_WARN_QUOTED_INCLUDE_IN_FRAMEWORK_HEADER = YES;
				CLANG_WARN_RANGE_LOOP_ANALYSIS = YES;
				CLANG_WARN_STRICT_PROTOTYPES = YES;
				CLANG_WARN_SUSPICIOUS_MOVE = YES;
				CLANG_WARN_UNGUARDED_AVAILABILITY = YES_AGGRESSIVE;
				CLANG_WARN_UNREACHABLE_CODE = YES;
				CLANG_WARN__DUPLICATE_METHOD_MATCH = YES;
				COPY_PHASE_STRIP = NO;
				DEBUG_INFORMATION_FORMAT = "dwarf-with-dsym";
				ENABLE_NS_ASSERTIONS = NO;
				ENABLE_STRICT_OBJC_MSGSEND = YES;
				GCC_C_LANGUAGE_STANDARD = gnu11;
				GCC_NO_COMMON_BLOCKS = YES;
				GCC_WARN_64_TO_32_BIT_CONVERSION = YES;
				GCC_WARN_ABOUT_RETURN_TYPE = YES_ERROR;
				GCC_WARN_UNDECLARED_SELECTOR = YES;
				GCC_WARN_UNINITIALIZED_AUTOS = YES_AGGRESSIVE;
				GCC_WARN_UNUSED_FUNCTION = YES;
				GCC_WARN_UNUSED_VARIABLE = YES;
				IPHONEOS_DEPLOYMENT_TARGET = 16.2;
				MTL_ENABLE_DEBUG_INFO = NO;
				MTL_FAST_MATH = YES;
				SDKROOT = iphoneos;
				SWIFT_COMPILATION_MODE = wholemodule;
				SWIFT_OPTIMIZATION_LEVEL = "-O";
				VALIDATE_PRODUCT = YES;
			};
			name = Release;
		};
		0313E13729BD0F8C00453AC8 /* Debug */ = {
			isa = XCBuildConfiguration;
			buildSettings = {
				ASSETCATALOG_COMPILER_APPICON_NAME = AppIcon;
				ASSETCATALOG_COMPILER_GLOBAL_ACCENT_COLOR_NAME = AccentColor;
				CODE_SIGN_STYLE = Automatic;
				CURRENT_PROJECT_VERSION = 1;
				DEVELOPMENT_ASSET_PATHS = "\"TalkToMe/Preview Content\"";
				DEVELOPMENT_TEAM = QV6YG7T84D;
				ENABLE_PREVIEWS = YES;
				GENERATE_INFOPLIST_FILE = YES;
				INFOPLIST_KEY_UIApplicationSceneManifest_Generation = YES;
				INFOPLIST_KEY_UIApplicationSupportsIndirectInputEvents = YES;
				INFOPLIST_KEY_UILaunchScreen_Generation = YES;
				INFOPLIST_KEY_UISupportedInterfaceOrientations_iPad = "UIInterfaceOrientationPortrait UIInterfaceOrientationPortraitUpsideDown UIInterfaceOrientationLandscapeLeft UIInterfaceOrientationLandscapeRight";
				INFOPLIST_KEY_UISupportedInterfaceOrientations_iPhone = "UIInterfaceOrientationPortrait UIInterfaceOrientationLandscapeLeft UIInterfaceOrientationLandscapeRight";
				IPHONEOS_DEPLOYMENT_TARGET = 16.1;
				LD_RUNPATH_SEARCH_PATHS = (
					"$(inherited)",
					"@executable_path/Frameworks",
				);
				MARKETING_VERSION = 1.0;
				PRODUCT_BUNDLE_IDENTIFIER = com.amirkaidarov.TalkToMe;
				PRODUCT_NAME = "$(TARGET_NAME)";
				SWIFT_EMIT_LOC_STRINGS = YES;
				SWIFT_VERSION = 5.0;
				TARGETED_DEVICE_FAMILY = "1,2";
			};
			name = Debug;
		};
		0313E13829BD0F8C00453AC8 /* Release */ = {
			isa = XCBuildConfiguration;
			buildSettings = {
				ASSETCATALOG_COMPILER_APPICON_NAME = AppIcon;
				ASSETCATALOG_COMPILER_GLOBAL_ACCENT_COLOR_NAME = AccentColor;
				CODE_SIGN_STYLE = Automatic;
				CURRENT_PROJECT_VERSION = 1;
				DEVELOPMENT_ASSET_PATHS = "\"TalkToMe/Preview Content\"";
				DEVELOPMENT_TEAM = QV6YG7T84D;
				ENABLE_PREVIEWS = YES;
				GENERATE_INFOPLIST_FILE = YES;
				INFOPLIST_KEY_UIApplicationSceneManifest_Generation = YES;
				INFOPLIST_KEY_UIApplicationSupportsIndirectInputEvents = YES;
				INFOPLIST_KEY_UILaunchScreen_Generation = YES;
				INFOPLIST_KEY_UISupportedInterfaceOrientations_iPad = "UIInterfaceOrientationPortrait UIInterfaceOrientationPortraitUpsideDown UIInterfaceOrientationLandscapeLeft UIInterfaceOrientationLandscapeRight";
				INFOPLIST_KEY_UISupportedInterfaceOrientations_iPhone = "UIInterfaceOrientationPortrait UIInterfaceOrientationLandscapeLeft UIInterfaceOrientationLandscapeRight";
				IPHONEOS_DEPLOYMENT_TARGET = 16.1;
				LD_RUNPATH_SEARCH_PATHS = (
					"$(inherited)",
					"@executable_path/Frameworks",
				);
				MARKETING_VERSION = 1.0;
				PRODUCT_BUNDLE_IDENTIFIER = com.amirkaidarov.TalkToMe;
				PRODUCT_NAME = "$(TARGET_NAME)";
				SWIFT_EMIT_LOC_STRINGS = YES;
				SWIFT_VERSION = 5.0;
				TARGETED_DEVICE_FAMILY = "1,2";
			};
			name = Release;
		};
/* End XCBuildConfiguration section */

/* Begin XCConfigurationList section */
		0313E12329BD0F8B00453AC8 /* Build configuration list for PBXProject "TalkToMe" */ = {
			isa = XCConfigurationList;
			buildConfigurations = (
				0313E13429BD0F8C00453AC8 /* Debug */,
				0313E13529BD0F8C00453AC8 /* Release */,
			);
			defaultConfigurationIsVisible = 0;
			defaultConfigurationName = Release;
		};
		0313E13629BD0F8C00453AC8 /* Build configuration list for PBXNativeTarget "TalkToMe" */ = {
			isa = XCConfigurationList;
			buildConfigurations = (
				0313E13729BD0F8C00453AC8 /* Debug */,
				0313E13829BD0F8C00453AC8 /* Release */,
			);
			defaultConfigurationIsVisible = 0;
			defaultConfigurationName = Release;
		};
/* End XCConfigurationList section */

/* Begin XCRemoteSwiftPackageReference section */
		037CF54C29BD5BBD00884735 /* XCRemoteSwiftPackageReference "firebase-ios-sdk" */ = {
			isa = XCRemoteSwiftPackageReference;
			repositoryURL = "https://github.com/firebase/firebase-ios-sdk.git";
			requirement = {
				branch = master;
				kind = branch;
			};
		};
/* End XCRemoteSwiftPackageReference section */

/* Begin XCSwiftPackageProductDependency section */
		037CF54D29BD5BBD00884735 /* FirebaseFirestore */ = {
			isa = XCSwiftPackageProductDependency;
			package = 037CF54C29BD5BBD00884735 /* XCRemoteSwiftPackageReference "firebase-ios-sdk" */;
			productName = FirebaseFirestore;
		};
		037CF54F29BD5BBD00884735 /* FirebaseFirestoreSwift */ = {
			isa = XCSwiftPackageProductDependency;
			package = 037CF54C29BD5BBD00884735 /* XCRemoteSwiftPackageReference "firebase-ios-sdk" */;
			productName = FirebaseFirestoreSwift;
		};
/* End XCSwiftPackageProductDependency section */
	};
	rootObject = 0313E12029BD0F8B00453AC8 /* Project object */;
}
